
Microsoft Visual Studio Solution File, Format Version 12.00
# Visual Studio Version 17
VisualStudioVersion = 17.11.35222.181
MinimumVisualStudioVersion = 10.0.40219.1
Project("{9A19103F-16F7-4668-BE54-9A1E7A4F7556}") = "MpesaSDK.NET", "MpesaSDK.NET\MpesaSDK.NET.csproj", "{9AF74C97-B6C0-49B4-8F4B-496C7FFFC9AC}"
EndProject
Project("{FAE04EC0-301F-11D3-BF4B-00C04F79EFBC}") = "MpesaSDK.NET.Test", "MpesaSDK.NET.Test\MpesaSDK.NET.Test.csproj", "{53E3E6B5-B055-4E55-BFE0-A4650FAB3B3E}"
EndProject
Project("{FAE04EC0-301F-11D3-BF4B-00C04F79EFBC}") = "MpesaSDK.NET.CallbackAPI", "MpesaSDK.NET.CallbackAPI\MpesaSDK.NET.CallbackAPI.csproj", "{C969BED7-A4B8-45E1-86A4-4A0F84A8F5AD}"
EndProject
Global
	GlobalSection(SolutionConfigurationPlatforms) = preSolution
		Debug|Any CPU = Debug|Any CPU
		Release|Any CPU = Release|Any CPU
	EndGlobalSection
	GlobalSection(ProjectConfigurationPlatforms) = postSolution
		{9AF74C97-B6C0-49B4-8F4B-496C7FFFC9AC}.Debug|Any CPU.ActiveCfg = Debug|Any CPU
		{9AF74C97-B6C0-49B4-8F4B-496C7FFFC9AC}.Debug|Any CPU.Build.0 = Debug|Any CPU
		{9AF74C97-B6C0-49B4-8F4B-496C7FFFC9AC}.Release|Any CPU.ActiveCfg = Release|Any CPU
		{9AF74C97-B6C0-49B4-8F4B-496C7FFFC9AC}.Release|Any CPU.Build.0 = Release|Any CPU
		{53E3E6B5-B055-4E55-BFE0-A4650FAB3B3E}.Debug|Any CPU.ActiveCfg = Debug|Any CPU
		{53E3E6B5-B055-4E55-BFE0-A4650FAB3B3E}.Debug|Any CPU.Build.0 = Debug|Any CPU
		{53E3E6B5-B055-4E55-BFE0-A4650FAB3B3E}.Release|Any CPU.ActiveCfg = Release|Any CPU
		{53E3E6B5-B055-4E55-BFE0-A4650FAB3B3E}.Release|Any CPU.Build.0 = Release|Any CPU
		{C969BED7-A4B8-45E1-86A4-4A0F84A8F5AD}.Debug|Any CPU.ActiveCfg = Debug|Any CPU
		{C969BED7-A4B8-45E1-86A4-4A0F84A8F5AD}.Debug|Any CPU.Build.0 = Debug|Any CPU
		{C969BED7-A4B8-45E1-86A4-4A0F84A8F5AD}.Release|Any CPU.ActiveCfg = Release|Any CPU
		{C969BED7-A4B8-45E1-86A4-4A0F84A8F5AD}.Release|Any CPU.Build.0 = Release|Any CPU
	EndGlobalSection
	GlobalSection(SolutionProperties) = preSolution
		HideSolutionNode = FALSE
	EndGlobalSection
	GlobalSection(ExtensibilityGlobals) = postSolution
		SolutionGuid = {C8B8B68C-976C-42EA-9697-98FB14E104A9}
	EndGlobalSection
EndGlobal
