
Microsoft Visual Studio Solution File, Format Version 12.00
# Visual Studio 15
VisualStudioVersion = 15.0.28010.2050
MinimumVisualStudioVersion = 10.0.40219.1
Project("{9A19103F-16F7-4668-BE54-9A1E7A4F7556}") = "MpesaSDK.NET", "MpesaSDK.NET\MpesaSDK.NET.csproj", "{9AF74C97-B6C0-49B4-8F4B-496C7FFFC9AC}"
EndProject
Project("{2150E333-8FDC-42A3-9474-1A3956D46DE8}") = "Test", "Test", "{03018C29-AECC-4986-B713-5229D39B7AD1}"
EndProject
Project("{2150E333-8FDC-42A3-9474-1A3956D46DE8}") = "Examples", "Examples", "{0A27AF92-341D-4615-8C87-9F92DFB63B84}"
EndProject
Project("{FAE04EC0-301F-11D3-BF4B-00C04F79EFBC}") = "CallbackServer", "CallbackServer\CallbackServer.csproj", "{0ACA68D7-22DE-4552-9DEF-762401936CE1}"
EndProject
Project("{9A19103F-16F7-4668-BE54-9A1E7A4F7556}") = "ClientTest", "ClientTest\ClientTest.csproj", "{4E118F4A-B880-42B2-AB29-701D5B10077A}"
EndProject
Project("{FAE04EC0-301F-11D3-BF4B-00C04F79EFBC}") = "NuggetMpesa", "NuggetMpesa\NuggetMpesa.csproj", "{C94B2A36-B742-4BE0-8A5A-D4AAEC0271D4}"
EndProject
Project("{FAE04EC0-301F-11D3-BF4B-00C04F79EFBC}") = "ConsoleApp1", "ConsoleApp1\ConsoleApp1.csproj", "{E1A23DB5-C433-4E9E-A9E9-13D05D892DEB}"
EndProject
Global
	GlobalSection(SolutionConfigurationPlatforms) = preSolution
		Debug|Any CPU = Debug|Any CPU
		Release|Any CPU = Release|Any CPU
	EndGlobalSection
	GlobalSection(ProjectConfigurationPlatforms) = postSolution
		{9AF74C97-B6C0-49B4-8F4B-496C7FFFC9AC}.Debug|Any CPU.ActiveCfg = Debug|Any CPU
		{9AF74C97-B6C0-49B4-8F4B-496C7FFFC9AC}.Debug|Any CPU.Build.0 = Debug|Any CPU
		{9AF74C97-B6C0-49B4-8F4B-496C7FFFC9AC}.Release|Any CPU.ActiveCfg = Release|Any CPU
		{9AF74C97-B6C0-49B4-8F4B-496C7FFFC9AC}.Release|Any CPU.Build.0 = Release|Any CPU
		{0ACA68D7-22DE-4552-9DEF-762401936CE1}.Debug|Any CPU.ActiveCfg = Debug|Any CPU
		{0ACA68D7-22DE-4552-9DEF-762401936CE1}.Debug|Any CPU.Build.0 = Debug|Any CPU
		{0ACA68D7-22DE-4552-9DEF-762401936CE1}.Release|Any CPU.ActiveCfg = Release|Any CPU
		{0ACA68D7-22DE-4552-9DEF-762401936CE1}.Release|Any CPU.Build.0 = Release|Any CPU
		{4E118F4A-B880-42B2-AB29-701D5B10077A}.Debug|Any CPU.ActiveCfg = Debug|Any CPU
		{4E118F4A-B880-42B2-AB29-701D5B10077A}.Debug|Any CPU.Build.0 = Debug|Any CPU
		{4E118F4A-B880-42B2-AB29-701D5B10077A}.Release|Any CPU.ActiveCfg = Release|Any CPU
		{4E118F4A-B880-42B2-AB29-701D5B10077A}.Release|Any CPU.Build.0 = Release|Any CPU
		{C94B2A36-B742-4BE0-8A5A-D4AAEC0271D4}.Debug|Any CPU.ActiveCfg = Debug|Any CPU
		{C94B2A36-B742-4BE0-8A5A-D4AAEC0271D4}.Debug|Any CPU.Build.0 = Debug|Any CPU
		{C94B2A36-B742-4BE0-8A5A-D4AAEC0271D4}.Release|Any CPU.ActiveCfg = Release|Any CPU
		{C94B2A36-B742-4BE0-8A5A-D4AAEC0271D4}.Release|Any CPU.Build.0 = Release|Any CPU
		{E1A23DB5-C433-4E9E-A9E9-13D05D892DEB}.Debug|Any CPU.ActiveCfg = Debug|Any CPU
		{E1A23DB5-C433-4E9E-A9E9-13D05D892DEB}.Debug|Any CPU.Build.0 = Debug|Any CPU
		{E1A23DB5-C433-4E9E-A9E9-13D05D892DEB}.Release|Any CPU.ActiveCfg = Release|Any CPU
		{E1A23DB5-C433-4E9E-A9E9-13D05D892DEB}.Release|Any CPU.Build.0 = Release|Any CPU
	EndGlobalSection
	GlobalSection(SolutionProperties) = preSolution
		HideSolutionNode = FALSE
	EndGlobalSection
	GlobalSection(NestedProjects) = preSolution
		{0A27AF92-341D-4615-8C87-9F92DFB63B84} = {03018C29-AECC-4986-B713-5229D39B7AD1}
		{0ACA68D7-22DE-4552-9DEF-762401936CE1} = {0A27AF92-341D-4615-8C87-9F92DFB63B84}
		{4E118F4A-B880-42B2-AB29-701D5B10077A} = {0A27AF92-341D-4615-8C87-9F92DFB63B84}
		{C94B2A36-B742-4BE0-8A5A-D4AAEC0271D4} = {0A27AF92-341D-4615-8C87-9F92DFB63B84}
		{E1A23DB5-C433-4E9E-A9E9-13D05D892DEB} = {0A27AF92-341D-4615-8C87-9F92DFB63B84}
	EndGlobalSection
	GlobalSection(ExtensibilityGlobals) = postSolution
		SolutionGuid = {C8B8B68C-976C-42EA-9697-98FB14E104A9}
	EndGlobalSection
EndGlobal
